
Microsoft Visual Studio Solution File, Format Version 12.00
# Visual Studio Version 17
VisualStudioVersion = 17.10.34916.146
MinimumVisualStudioVersion = 10.0.40219.1
Project("{9A19103F-16F7-4668-BE54-9A1E7A4F7556}") = "GrindIt!", "GrindIt!\GrindIt!.csproj", "{DED7DC2C-8B36-484E-A78E-067826AFAA2E}"
EndProject
Project("{FAE04EC0-301F-11D3-BF4B-00C04F79EFBC}") = "GrindIt.NutritionLib", "GrindIt.Lib\GrindIt.NutritionLib.csproj", "{1299E3A3-9102-440E-B18B-E0D0EB5E900C}"
EndProject
Project("{FAE04EC0-301F-11D3-BF4B-00C04F79EFBC}") = "GrindIt.ConsoleApp", "GrindIt.ConsoleApp\GrindIt.ConsoleApp.csproj", "{62008087-5846-4E85-9B62-ED2357FCA49D}"
EndProject
Project("{FAE04EC0-301F-11D3-BF4B-00C04F79EFBC}") = "GrindIt.WorkoutLib", "GrindIt.WorkoutLib\GrindIt.WorkoutLib.csproj", "{FABFDA7B-BFFB-4A48-9456-E944147719C5}"
EndProject
Global
	GlobalSection(SolutionConfigurationPlatforms) = preSolution
		Debug|Any CPU = Debug|Any CPU
		Release|Any CPU = Release|Any CPU
	EndGlobalSection
	GlobalSection(ProjectConfigurationPlatforms) = postSolution
		{DED7DC2C-8B36-484E-A78E-067826AFAA2E}.Debug|Any CPU.ActiveCfg = Debug|Any CPU
		{DED7DC2C-8B36-484E-A78E-067826AFAA2E}.Debug|Any CPU.Build.0 = Debug|Any CPU
		{DED7DC2C-8B36-484E-A78E-067826AFAA2E}.Debug|Any CPU.Deploy.0 = Debug|Any CPU
		{DED7DC2C-8B36-484E-A78E-067826AFAA2E}.Release|Any CPU.ActiveCfg = Release|Any CPU
		{DED7DC2C-8B36-484E-A78E-067826AFAA2E}.Release|Any CPU.Build.0 = Release|Any CPU
		{DED7DC2C-8B36-484E-A78E-067826AFAA2E}.Release|Any CPU.Deploy.0 = Release|Any CPU
		{1299E3A3-9102-440E-B18B-E0D0EB5E900C}.Debug|Any CPU.ActiveCfg = Debug|Any CPU
		{1299E3A3-9102-440E-B18B-E0D0EB5E900C}.Debug|Any CPU.Build.0 = Debug|Any CPU
		{1299E3A3-9102-440E-B18B-E0D0EB5E900C}.Release|Any CPU.ActiveCfg = Release|Any CPU
		{1299E3A3-9102-440E-B18B-E0D0EB5E900C}.Release|Any CPU.Build.0 = Release|Any CPU
		{62008087-5846-4E85-9B62-ED2357FCA49D}.Debug|Any CPU.ActiveCfg = Debug|Any CPU
		{62008087-5846-4E85-9B62-ED2357FCA49D}.Debug|Any CPU.Build.0 = Debug|Any CPU
		{62008087-5846-4E85-9B62-ED2357FCA49D}.Release|Any CPU.ActiveCfg = Release|Any CPU
		{62008087-5846-4E85-9B62-ED2357FCA49D}.Release|Any CPU.Build.0 = Release|Any CPU
		{FABFDA7B-BFFB-4A48-9456-E944147719C5}.Debug|Any CPU.ActiveCfg = Debug|Any CPU
		{FABFDA7B-BFFB-4A48-9456-E944147719C5}.Debug|Any CPU.Build.0 = Debug|Any CPU
		{FABFDA7B-BFFB-4A48-9456-E944147719C5}.Release|Any CPU.ActiveCfg = Release|Any CPU
		{FABFDA7B-BFFB-4A48-9456-E944147719C5}.Release|Any CPU.Build.0 = Release|Any CPU
	EndGlobalSection
	GlobalSection(SolutionProperties) = preSolution
		HideSolutionNode = FALSE
	EndGlobalSection
	GlobalSection(ExtensibilityGlobals) = postSolution
		SolutionGuid = {1FD38093-6D20-486C-9A7C-A37BA56EAE82}
	EndGlobalSection
EndGlobal
